
Microsoft Visual Studio Solution File, Format Version 12.00
# Visual Studio 15
VisualStudioVersion = 15.0.26403.7
MinimumVisualStudioVersion = 10.0.40219.1
Project("{FAE04EC0-301F-11D3-BF4B-00C04F79EFBC}") = "DemoCarouselView.Android", "DemoCarouselView\DemoCarouselView.Android\DemoCarouselView.Android.csproj", "{2B2EF60E-0038-43B9-ACD6-013955AB27B6}"
EndProject
Project("{FAE04EC0-301F-11D3-BF4B-00C04F79EFBC}") = "DemoCarouselView", "DemoCarouselView\DemoCarouselView\DemoCarouselView.csproj", "{789F803B-7396-47E8-B204-BF6C5C254DFA}"
EndProject
Project("{FAE04EC0-301F-11D3-BF4B-00C04F79EFBC}") = "DemoCarouselView.UWP", "DemoCarouselView\DemoCarouselView.UWP\DemoCarouselView.UWP.csproj", "{3A4E2F15-56F4-47BD-9CF8-5B4B0553BB3B}"
EndProject
Project("{FAE04EC0-301F-11D3-BF4B-00C04F79EFBC}") = "DemoCarouselView.iOS", "DemoCarouselView\DemoCarouselView.iOS\DemoCarouselView.iOS.csproj", "{7B9DCAF3-8EF3-434C-A346-587AA5A7DF0C}"
EndProject
Global
	GlobalSection(SolutionConfigurationPlatforms) = preSolution
		Ad-Hoc|Any CPU = Ad-Hoc|Any CPU
		Ad-Hoc|ARM = Ad-Hoc|ARM
		Ad-Hoc|iPhone = Ad-Hoc|iPhone
		Ad-Hoc|iPhoneSimulator = Ad-Hoc|iPhoneSimulator
		Ad-Hoc|x64 = Ad-Hoc|x64
		Ad-Hoc|x86 = Ad-Hoc|x86
		AppStore|Any CPU = AppStore|Any CPU
		AppStore|ARM = AppStore|ARM
		AppStore|iPhone = AppStore|iPhone
		AppStore|iPhoneSimulator = AppStore|iPhoneSimulator
		AppStore|x64 = AppStore|x64
		AppStore|x86 = AppStore|x86
		Debug|Any CPU = Debug|Any CPU
		Debug|ARM = Debug|ARM
		Debug|iPhone = Debug|iPhone
		Debug|iPhoneSimulator = Debug|iPhoneSimulator
		Debug|x64 = Debug|x64
		Debug|x86 = Debug|x86
		Release|Any CPU = Release|Any CPU
		Release|ARM = Release|ARM
		Release|iPhone = Release|iPhone
		Release|iPhoneSimulator = Release|iPhoneSimulator
		Release|x64 = Release|x64
		Release|x86 = Release|x86
	EndGlobalSection
	GlobalSection(ProjectConfigurationPlatforms) = postSolution
		{2B2EF60E-0038-43B9-ACD6-013955AB27B6}.Ad-Hoc|Any CPU.ActiveCfg = Release|Any CPU
		{2B2EF60E-0038-43B9-ACD6-013955AB27B6}.Ad-Hoc|Any CPU.Build.0 = Release|Any CPU
		{2B2EF60E-0038-43B9-ACD6-013955AB27B6}.Ad-Hoc|Any CPU.Deploy.0 = Release|Any CPU
		{2B2EF60E-0038-43B9-ACD6-013955AB27B6}.Ad-Hoc|ARM.ActiveCfg = Release|Any CPU
		{2B2EF60E-0038-43B9-ACD6-013955AB27B6}.Ad-Hoc|ARM.Build.0 = Release|Any CPU
		{2B2EF60E-0038-43B9-ACD6-013955AB27B6}.Ad-Hoc|ARM.Deploy.0 = Release|Any CPU
		{2B2EF60E-0038-43B9-ACD6-013955AB27B6}.Ad-Hoc|iPhone.ActiveCfg = Release|Any CPU
		{2B2EF60E-0038-43B9-ACD6-013955AB27B6}.Ad-Hoc|iPhone.Build.0 = Release|Any CPU
		{2B2EF60E-0038-43B9-ACD6-013955AB27B6}.Ad-Hoc|iPhone.Deploy.0 = Release|Any CPU
		{2B2EF60E-0038-43B9-ACD6-013955AB27B6}.Ad-Hoc|iPhoneSimulator.ActiveCfg = Release|Any CPU
		{2B2EF60E-0038-43B9-ACD6-013955AB27B6}.Ad-Hoc|iPhoneSimulator.Build.0 = Release|Any CPU
		{2B2EF60E-0038-43B9-ACD6-013955AB27B6}.Ad-Hoc|iPhoneSimulator.Deploy.0 = Release|Any CPU
		{2B2EF60E-0038-43B9-ACD6-013955AB27B6}.Ad-Hoc|x64.ActiveCfg = Release|Any CPU
		{2B2EF60E-0038-43B9-ACD6-013955AB27B6}.Ad-Hoc|x64.Build.0 = Release|Any CPU
		{2B2EF60E-0038-43B9-ACD6-013955AB27B6}.Ad-Hoc|x64.Deploy.0 = Release|Any CPU
		{2B2EF60E-0038-43B9-ACD6-013955AB27B6}.Ad-Hoc|x86.ActiveCfg = Release|Any CPU
		{2B2EF60E-0038-43B9-ACD6-013955AB27B6}.Ad-Hoc|x86.Build.0 = Release|Any CPU
		{2B2EF60E-0038-43B9-ACD6-013955AB27B6}.Ad-Hoc|x86.Deploy.0 = Release|Any CPU
		{2B2EF60E-0038-43B9-ACD6-013955AB27B6}.AppStore|Any CPU.ActiveCfg = Release|Any CPU
		{2B2EF60E-0038-43B9-ACD6-013955AB27B6}.AppStore|Any CPU.Build.0 = Release|Any CPU
		{2B2EF60E-0038-43B9-ACD6-013955AB27B6}.AppStore|Any CPU.Deploy.0 = Release|Any CPU
		{2B2EF60E-0038-43B9-ACD6-013955AB27B6}.AppStore|ARM.ActiveCfg = Release|Any CPU
		{2B2EF60E-0038-43B9-ACD6-013955AB27B6}.AppStore|ARM.Build.0 = Release|Any CPU
		{2B2EF60E-0038-43B9-ACD6-013955AB27B6}.AppStore|ARM.Deploy.0 = Release|Any CPU
		{2B2EF60E-0038-43B9-ACD6-013955AB27B6}.AppStore|iPhone.ActiveCfg = Release|Any CPU
		{2B2EF60E-0038-43B9-ACD6-013955AB27B6}.AppStore|iPhone.Build.0 = Release|Any CPU
		{2B2EF60E-0038-43B9-ACD6-013955AB27B6}.AppStore|iPhone.Deploy.0 = Release|Any CPU
		{2B2EF60E-0038-43B9-ACD6-013955AB27B6}.AppStore|iPhoneSimulator.ActiveCfg = Release|Any CPU
		{2B2EF60E-0038-43B9-ACD6-013955AB27B6}.AppStore|iPhoneSimulator.Build.0 = Release|Any CPU
		{2B2EF60E-0038-43B9-ACD6-013955AB27B6}.AppStore|iPhoneSimulator.Deploy.0 = Release|Any CPU
		{2B2EF60E-0038-43B9-ACD6-013955AB27B6}.AppStore|x64.ActiveCfg = Release|Any CPU
		{2B2EF60E-0038-43B9-ACD6-013955AB27B6}.AppStore|x64.Build.0 = Release|Any CPU
		{2B2EF60E-0038-43B9-ACD6-013955AB27B6}.AppStore|x64.Deploy.0 = Release|Any CPU
		{2B2EF60E-0038-43B9-ACD6-013955AB27B6}.AppStore|x86.ActiveCfg = Release|Any CPU
		{2B2EF60E-0038-43B9-ACD6-013955AB27B6}.AppStore|x86.Build.0 = Release|Any CPU
		{2B2EF60E-0038-43B9-ACD6-013955AB27B6}.AppStore|x86.Deploy.0 = Release|Any CPU
		{2B2EF60E-0038-43B9-ACD6-013955AB27B6}.Debug|Any CPU.ActiveCfg = Debug|Any CPU
		{2B2EF60E-0038-43B9-ACD6-013955AB27B6}.Debug|Any CPU.Build.0 = Debug|Any CPU
		{2B2EF60E-0038-43B9-ACD6-013955AB27B6}.Debug|Any CPU.Deploy.0 = Debug|Any CPU
		{2B2EF60E-0038-43B9-ACD6-013955AB27B6}.Debug|ARM.ActiveCfg = Debug|Any CPU
		{2B2EF60E-0038-43B9-ACD6-013955AB27B6}.Debug|ARM.Build.0 = Debug|Any CPU
		{2B2EF60E-0038-43B9-ACD6-013955AB27B6}.Debug|ARM.Deploy.0 = Debug|Any CPU
		{2B2EF60E-0038-43B9-ACD6-013955AB27B6}.Debug|iPhone.ActiveCfg = Debug|Any CPU
		{2B2EF60E-0038-43B9-ACD6-013955AB27B6}.Debug|iPhone.Build.0 = Debug|Any CPU
		{2B2EF60E-0038-43B9-ACD6-013955AB27B6}.Debug|iPhone.Deploy.0 = Debug|Any CPU
		{2B2EF60E-0038-43B9-ACD6-013955AB27B6}.Debug|iPhoneSimulator.ActiveCfg = Debug|Any CPU
		{2B2EF60E-0038-43B9-ACD6-013955AB27B6}.Debug|iPhoneSimulator.Build.0 = Debug|Any CPU
		{2B2EF60E-0038-43B9-ACD6-013955AB27B6}.Debug|iPhoneSimulator.Deploy.0 = Debug|Any CPU
		{2B2EF60E-0038-43B9-ACD6-013955AB27B6}.Debug|x64.ActiveCfg = Debug|Any CPU
		{2B2EF60E-0038-43B9-ACD6-013955AB27B6}.Debug|x64.Build.0 = Debug|Any CPU
		{2B2EF60E-0038-43B9-ACD6-013955AB27B6}.Debug|x64.Deploy.0 = Debug|Any CPU
		{2B2EF60E-0038-43B9-ACD6-013955AB27B6}.Debug|x86.ActiveCfg = Debug|Any CPU
		{2B2EF60E-0038-43B9-ACD6-013955AB27B6}.Debug|x86.Build.0 = Debug|Any CPU
		{2B2EF60E-0038-43B9-ACD6-013955AB27B6}.Debug|x86.Deploy.0 = Debug|Any CPU
		{2B2EF60E-0038-43B9-ACD6-013955AB27B6}.Release|Any CPU.ActiveCfg = Release|Any CPU
		{2B2EF60E-0038-43B9-ACD6-013955AB27B6}.Release|Any CPU.Build.0 = Release|Any CPU
		{2B2EF60E-0038-43B9-ACD6-013955AB27B6}.Release|Any CPU.Deploy.0 = Release|Any CPU
		{2B2EF60E-0038-43B9-ACD6-013955AB27B6}.Release|ARM.ActiveCfg = Release|Any CPU
		{2B2EF60E-0038-43B9-ACD6-013955AB27B6}.Release|ARM.Build.0 = Release|Any CPU
		{2B2EF60E-0038-43B9-ACD6-013955AB27B6}.Release|ARM.Deploy.0 = Release|Any CPU
		{2B2EF60E-0038-43B9-ACD6-013955AB27B6}.Release|iPhone.ActiveCfg = Release|Any CPU
		{2B2EF60E-0038-43B9-ACD6-013955AB27B6}.Release|iPhone.Build.0 = Release|Any CPU
		{2B2EF60E-0038-43B9-ACD6-013955AB27B6}.Release|iPhone.Deploy.0 = Release|Any CPU
		{2B2EF60E-0038-43B9-ACD6-013955AB27B6}.Release|iPhoneSimulator.ActiveCfg = Release|Any CPU
		{2B2EF60E-0038-43B9-ACD6-013955AB27B6}.Release|iPhoneSimulator.Build.0 = Release|Any CPU
		{2B2EF60E-0038-43B9-ACD6-013955AB27B6}.Release|iPhoneSimulator.Deploy.0 = Release|Any CPU
		{2B2EF60E-0038-43B9-ACD6-013955AB27B6}.Release|x64.ActiveCfg = Release|Any CPU
		{2B2EF60E-0038-43B9-ACD6-013955AB27B6}.Release|x64.Build.0 = Release|Any CPU
		{2B2EF60E-0038-43B9-ACD6-013955AB27B6}.Release|x64.Deploy.0 = Release|Any CPU
		{2B2EF60E-0038-43B9-ACD6-013955AB27B6}.Release|x86.ActiveCfg = Release|Any CPU
		{2B2EF60E-0038-43B9-ACD6-013955AB27B6}.Release|x86.Build.0 = Release|Any CPU
		{2B2EF60E-0038-43B9-ACD6-013955AB27B6}.Release|x86.Deploy.0 = Release|Any CPU
		{789F803B-7396-47E8-B204-BF6C5C254DFA}.Ad-Hoc|Any CPU.ActiveCfg = Release|Any CPU
		{789F803B-7396-47E8-B204-BF6C5C254DFA}.Ad-Hoc|Any CPU.Build.0 = Release|Any CPU
		{789F803B-7396-47E8-B204-BF6C5C254DFA}.Ad-Hoc|ARM.ActiveCfg = Release|Any CPU
		{789F803B-7396-47E8-B204-BF6C5C254DFA}.Ad-Hoc|ARM.Build.0 = Release|Any CPU
		{789F803B-7396-47E8-B204-BF6C5C254DFA}.Ad-Hoc|iPhone.ActiveCfg = Release|Any CPU
		{789F803B-7396-47E8-B204-BF6C5C254DFA}.Ad-Hoc|iPhone.Build.0 = Release|Any CPU
		{789F803B-7396-47E8-B204-BF6C5C254DFA}.Ad-Hoc|iPhoneSimulator.ActiveCfg = Release|Any CPU
		{789F803B-7396-47E8-B204-BF6C5C254DFA}.Ad-Hoc|iPhoneSimulator.Build.0 = Release|Any CPU
		{789F803B-7396-47E8-B204-BF6C5C254DFA}.Ad-Hoc|x64.ActiveCfg = Release|Any CPU
		{789F803B-7396-47E8-B204-BF6C5C254DFA}.Ad-Hoc|x64.Build.0 = Release|Any CPU
		{789F803B-7396-47E8-B204-BF6C5C254DFA}.Ad-Hoc|x86.ActiveCfg = Release|Any CPU
		{789F803B-7396-47E8-B204-BF6C5C254DFA}.Ad-Hoc|x86.Build.0 = Release|Any CPU
		{789F803B-7396-47E8-B204-BF6C5C254DFA}.AppStore|Any CPU.ActiveCfg = Release|Any CPU
		{789F803B-7396-47E8-B204-BF6C5C254DFA}.AppStore|Any CPU.Build.0 = Release|Any CPU
		{789F803B-7396-47E8-B204-BF6C5C254DFA}.AppStore|ARM.ActiveCfg = Release|Any CPU
		{789F803B-7396-47E8-B204-BF6C5C254DFA}.AppStore|ARM.Build.0 = Release|Any CPU
		{789F803B-7396-47E8-B204-BF6C5C254DFA}.AppStore|iPhone.ActiveCfg = Release|Any CPU
		{789F803B-7396-47E8-B204-BF6C5C254DFA}.AppStore|iPhone.Build.0 = Release|Any CPU
		{789F803B-7396-47E8-B204-BF6C5C254DFA}.AppStore|iPhoneSimulator.ActiveCfg = Release|Any CPU
		{789F803B-7396-47E8-B204-BF6C5C254DFA}.AppStore|iPhoneSimulator.Build.0 = Release|Any CPU
		{789F803B-7396-47E8-B204-BF6C5C254DFA}.AppStore|x64.ActiveCfg = Release|Any CPU
		{789F803B-7396-47E8-B204-BF6C5C254DFA}.AppStore|x64.Build.0 = Release|Any CPU
		{789F803B-7396-47E8-B204-BF6C5C254DFA}.AppStore|x86.ActiveCfg = Release|Any CPU
		{789F803B-7396-47E8-B204-BF6C5C254DFA}.AppStore|x86.Build.0 = Release|Any CPU
		{789F803B-7396-47E8-B204-BF6C5C254DFA}.Debug|Any CPU.ActiveCfg = Debug|Any CPU
		{789F803B-7396-47E8-B204-BF6C5C254DFA}.Debug|Any CPU.Build.0 = Debug|Any CPU
		{789F803B-7396-47E8-B204-BF6C5C254DFA}.Debug|ARM.ActiveCfg = Debug|Any CPU
		{789F803B-7396-47E8-B204-BF6C5C254DFA}.Debug|ARM.Build.0 = Debug|Any CPU
		{789F803B-7396-47E8-B204-BF6C5C254DFA}.Debug|iPhone.ActiveCfg = Debug|Any CPU
		{789F803B-7396-47E8-B204-BF6C5C254DFA}.Debug|iPhone.Build.0 = Debug|Any CPU
		{789F803B-7396-47E8-B204-BF6C5C254DFA}.Debug|iPhoneSimulator.ActiveCfg = Debug|Any CPU
		{789F803B-7396-47E8-B204-BF6C5C254DFA}.Debug|iPhoneSimulator.Build.0 = Debug|Any CPU
		{789F803B-7396-47E8-B204-BF6C5C254DFA}.Debug|x64.ActiveCfg = Debug|Any CPU
		{789F803B-7396-47E8-B204-BF6C5C254DFA}.Debug|x64.Build.0 = Debug|Any CPU
		{789F803B-7396-47E8-B204-BF6C5C254DFA}.Debug|x86.ActiveCfg = Debug|Any CPU
		{789F803B-7396-47E8-B204-BF6C5C254DFA}.Debug|x86.Build.0 = Debug|Any CPU
		{789F803B-7396-47E8-B204-BF6C5C254DFA}.Release|Any CPU.ActiveCfg = Release|Any CPU
		{789F803B-7396-47E8-B204-BF6C5C254DFA}.Release|Any CPU.Build.0 = Release|Any CPU
		{789F803B-7396-47E8-B204-BF6C5C254DFA}.Release|ARM.ActiveCfg = Release|Any CPU
		{789F803B-7396-47E8-B204-BF6C5C254DFA}.Release|ARM.Build.0 = Release|Any CPU
		{789F803B-7396-47E8-B204-BF6C5C254DFA}.Release|iPhone.ActiveCfg = Release|Any CPU
		{789F803B-7396-47E8-B204-BF6C5C254DFA}.Release|iPhone.Build.0 = Release|Any CPU
		{789F803B-7396-47E8-B204-BF6C5C254DFA}.Release|iPhoneSimulator.ActiveCfg = Release|Any CPU
		{789F803B-7396-47E8-B204-BF6C5C254DFA}.Release|iPhoneSimulator.Build.0 = Release|Any CPU
		{789F803B-7396-47E8-B204-BF6C5C254DFA}.Release|x64.ActiveCfg = Release|Any CPU
		{789F803B-7396-47E8-B204-BF6C5C254DFA}.Release|x64.Build.0 = Release|Any CPU
		{789F803B-7396-47E8-B204-BF6C5C254DFA}.Release|x86.ActiveCfg = Release|Any CPU
		{789F803B-7396-47E8-B204-BF6C5C254DFA}.Release|x86.Build.0 = Release|Any CPU
		{3A4E2F15-56F4-47BD-9CF8-5B4B0553BB3B}.Ad-Hoc|Any CPU.ActiveCfg = Release|x86
		{3A4E2F15-56F4-47BD-9CF8-5B4B0553BB3B}.Ad-Hoc|Any CPU.Build.0 = Release|x86
		{3A4E2F15-56F4-47BD-9CF8-5B4B0553BB3B}.Ad-Hoc|Any CPU.Deploy.0 = Release|x86
		{3A4E2F15-56F4-47BD-9CF8-5B4B0553BB3B}.Ad-Hoc|ARM.ActiveCfg = Release|ARM
		{3A4E2F15-56F4-47BD-9CF8-5B4B0553BB3B}.Ad-Hoc|ARM.Build.0 = Release|ARM
		{3A4E2F15-56F4-47BD-9CF8-5B4B0553BB3B}.Ad-Hoc|ARM.Deploy.0 = Release|ARM
		{3A4E2F15-56F4-47BD-9CF8-5B4B0553BB3B}.Ad-Hoc|iPhone.ActiveCfg = Release|x86
		{3A4E2F15-56F4-47BD-9CF8-5B4B0553BB3B}.Ad-Hoc|iPhone.Build.0 = Release|x86
		{3A4E2F15-56F4-47BD-9CF8-5B4B0553BB3B}.Ad-Hoc|iPhone.Deploy.0 = Release|x86
		{3A4E2F15-56F4-47BD-9CF8-5B4B0553BB3B}.Ad-Hoc|iPhoneSimulator.ActiveCfg = Release|x86
		{3A4E2F15-56F4-47BD-9CF8-5B4B0553BB3B}.Ad-Hoc|iPhoneSimulator.Build.0 = Release|x86
		{3A4E2F15-56F4-47BD-9CF8-5B4B0553BB3B}.Ad-Hoc|iPhoneSimulator.Deploy.0 = Release|x86
		{3A4E2F15-56F4-47BD-9CF8-5B4B0553BB3B}.Ad-Hoc|x64.ActiveCfg = Release|x64
		{3A4E2F15-56F4-47BD-9CF8-5B4B0553BB3B}.Ad-Hoc|x64.Build.0 = Release|x64
		{3A4E2F15-56F4-47BD-9CF8-5B4B0553BB3B}.Ad-Hoc|x64.Deploy.0 = Release|x64
		{3A4E2F15-56F4-47BD-9CF8-5B4B0553BB3B}.Ad-Hoc|x86.ActiveCfg = Release|x86
		{3A4E2F15-56F4-47BD-9CF8-5B4B0553BB3B}.Ad-Hoc|x86.Build.0 = Release|x86
		{3A4E2F15-56F4-47BD-9CF8-5B4B0553BB3B}.Ad-Hoc|x86.Deploy.0 = Release|x86
		{3A4E2F15-56F4-47BD-9CF8-5B4B0553BB3B}.AppStore|Any CPU.ActiveCfg = Release|x86
		{3A4E2F15-56F4-47BD-9CF8-5B4B0553BB3B}.AppStore|Any CPU.Build.0 = Release|x86
		{3A4E2F15-56F4-47BD-9CF8-5B4B0553BB3B}.AppStore|Any CPU.Deploy.0 = Release|x86
		{3A4E2F15-56F4-47BD-9CF8-5B4B0553BB3B}.AppStore|ARM.ActiveCfg = Release|ARM
		{3A4E2F15-56F4-47BD-9CF8-5B4B0553BB3B}.AppStore|ARM.Build.0 = Release|ARM
		{3A4E2F15-56F4-47BD-9CF8-5B4B0553BB3B}.AppStore|ARM.Deploy.0 = Release|ARM
		{3A4E2F15-56F4-47BD-9CF8-5B4B0553BB3B}.AppStore|iPhone.ActiveCfg = Release|x86
		{3A4E2F15-56F4-47BD-9CF8-5B4B0553BB3B}.AppStore|iPhone.Build.0 = Release|x86
		{3A4E2F15-56F4-47BD-9CF8-5B4B0553BB3B}.AppStore|iPhone.Deploy.0 = Release|x86
		{3A4E2F15-56F4-47BD-9CF8-5B4B0553BB3B}.AppStore|iPhoneSimulator.ActiveCfg = Release|x86
		{3A4E2F15-56F4-47BD-9CF8-5B4B0553BB3B}.AppStore|iPhoneSimulator.Build.0 = Release|x86
		{3A4E2F15-56F4-47BD-9CF8-5B4B0553BB3B}.AppStore|iPhoneSimulator.Deploy.0 = Release|x86
		{3A4E2F15-56F4-47BD-9CF8-5B4B0553BB3B}.AppStore|x64.ActiveCfg = Release|x64
		{3A4E2F15-56F4-47BD-9CF8-5B4B0553BB3B}.AppStore|x64.Build.0 = Release|x64
		{3A4E2F15-56F4-47BD-9CF8-5B4B0553BB3B}.AppStore|x64.Deploy.0 = Release|x64
		{3A4E2F15-56F4-47BD-9CF8-5B4B0553BB3B}.AppStore|x86.ActiveCfg = Release|x86
		{3A4E2F15-56F4-47BD-9CF8-5B4B0553BB3B}.AppStore|x86.Build.0 = Release|x86
		{3A4E2F15-56F4-47BD-9CF8-5B4B0553BB3B}.AppStore|x86.Deploy.0 = Release|x86
		{3A4E2F15-56F4-47BD-9CF8-5B4B0553BB3B}.Debug|Any CPU.ActiveCfg = Debug|x86
		{3A4E2F15-56F4-47BD-9CF8-5B4B0553BB3B}.Debug|ARM.ActiveCfg = Debug|ARM
		{3A4E2F15-56F4-47BD-9CF8-5B4B0553BB3B}.Debug|ARM.Build.0 = Debug|ARM
		{3A4E2F15-56F4-47BD-9CF8-5B4B0553BB3B}.Debug|ARM.Deploy.0 = Debug|ARM
		{3A4E2F15-56F4-47BD-9CF8-5B4B0553BB3B}.Debug|iPhone.ActiveCfg = Debug|x86
		{3A4E2F15-56F4-47BD-9CF8-5B4B0553BB3B}.Debug|iPhoneSimulator.ActiveCfg = Debug|x86
		{3A4E2F15-56F4-47BD-9CF8-5B4B0553BB3B}.Debug|x64.ActiveCfg = Debug|x64
		{3A4E2F15-56F4-47BD-9CF8-5B4B0553BB3B}.Debug|x64.Build.0 = Debug|x64
		{3A4E2F15-56F4-47BD-9CF8-5B4B0553BB3B}.Debug|x64.Deploy.0 = Debug|x64
		{3A4E2F15-56F4-47BD-9CF8-5B4B0553BB3B}.Debug|x86.ActiveCfg = Debug|x86
		{3A4E2F15-56F4-47BD-9CF8-5B4B0553BB3B}.Debug|x86.Build.0 = Debug|x86
		{3A4E2F15-56F4-47BD-9CF8-5B4B0553BB3B}.Debug|x86.Deploy.0 = Debug|x86
		{3A4E2F15-56F4-47BD-9CF8-5B4B0553BB3B}.Release|Any CPU.ActiveCfg = Release|x86
		{3A4E2F15-56F4-47BD-9CF8-5B4B0553BB3B}.Release|ARM.ActiveCfg = Release|ARM
		{3A4E2F15-56F4-47BD-9CF8-5B4B0553BB3B}.Release|ARM.Build.0 = Release|ARM
		{3A4E2F15-56F4-47BD-9CF8-5B4B0553BB3B}.Release|ARM.Deploy.0 = Release|ARM
		{3A4E2F15-56F4-47BD-9CF8-5B4B0553BB3B}.Release|iPhone.ActiveCfg = Release|x86
		{3A4E2F15-56F4-47BD-9CF8-5B4B0553BB3B}.Release|iPhoneSimulator.ActiveCfg = Release|x86
		{3A4E2F15-56F4-47BD-9CF8-5B4B0553BB3B}.Release|x64.ActiveCfg = Release|x64
		{3A4E2F15-56F4-47BD-9CF8-5B4B0553BB3B}.Release|x64.Build.0 = Release|x64
		{3A4E2F15-56F4-47BD-9CF8-5B4B0553BB3B}.Release|x64.Deploy.0 = Release|x64
		{3A4E2F15-56F4-47BD-9CF8-5B4B0553BB3B}.Release|x86.ActiveCfg = Release|x86
		{3A4E2F15-56F4-47BD-9CF8-5B4B0553BB3B}.Release|x86.Build.0 = Release|x86
		{3A4E2F15-56F4-47BD-9CF8-5B4B0553BB3B}.Release|x86.Deploy.0 = Release|x86
		{7B9DCAF3-8EF3-434C-A346-587AA5A7DF0C}.Ad-Hoc|Any CPU.ActiveCfg = Ad-Hoc|iPhone
		{7B9DCAF3-8EF3-434C-A346-587AA5A7DF0C}.Ad-Hoc|ARM.ActiveCfg = Ad-Hoc|iPhone
		{7B9DCAF3-8EF3-434C-A346-587AA5A7DF0C}.Ad-Hoc|iPhone.ActiveCfg = Ad-Hoc|iPhone
		{7B9DCAF3-8EF3-434C-A346-587AA5A7DF0C}.Ad-Hoc|iPhone.Build.0 = Ad-Hoc|iPhone
		{7B9DCAF3-8EF3-434C-A346-587AA5A7DF0C}.Ad-Hoc|iPhoneSimulator.ActiveCfg = Ad-Hoc|iPhoneSimulator
		{7B9DCAF3-8EF3-434C-A346-587AA5A7DF0C}.Ad-Hoc|iPhoneSimulator.Build.0 = Ad-Hoc|iPhoneSimulator
		{7B9DCAF3-8EF3-434C-A346-587AA5A7DF0C}.Ad-Hoc|x64.ActiveCfg = Ad-Hoc|iPhone
		{7B9DCAF3-8EF3-434C-A346-587AA5A7DF0C}.Ad-Hoc|x86.ActiveCfg = Ad-Hoc|iPhone
		{7B9DCAF3-8EF3-434C-A346-587AA5A7DF0C}.AppStore|Any CPU.ActiveCfg = AppStore|iPhone
		{7B9DCAF3-8EF3-434C-A346-587AA5A7DF0C}.AppStore|ARM.ActiveCfg = AppStore|iPhone
		{7B9DCAF3-8EF3-434C-A346-587AA5A7DF0C}.AppStore|iPhone.ActiveCfg = AppStore|iPhone
		{7B9DCAF3-8EF3-434C-A346-587AA5A7DF0C}.AppStore|iPhone.Build.0 = AppStore|iPhone
		{7B9DCAF3-8EF3-434C-A346-587AA5A7DF0C}.AppStore|iPhoneSimulator.ActiveCfg = AppStore|iPhoneSimulator
		{7B9DCAF3-8EF3-434C-A346-587AA5A7DF0C}.AppStore|iPhoneSimulator.Build.0 = AppStore|iPhoneSimulator
		{7B9DCAF3-8EF3-434C-A346-587AA5A7DF0C}.AppStore|x64.ActiveCfg = AppStore|iPhone
		{7B9DCAF3-8EF3-434C-A346-587AA5A7DF0C}.AppStore|x86.ActiveCfg = AppStore|iPhone
		{7B9DCAF3-8EF3-434C-A346-587AA5A7DF0C}.Debug|Any CPU.ActiveCfg = Debug|iPhone
		{7B9DCAF3-8EF3-434C-A346-587AA5A7DF0C}.Debug|ARM.ActiveCfg = Debug|iPhone
		{7B9DCAF3-8EF3-434C-A346-587AA5A7DF0C}.Debug|iPhone.ActiveCfg = Debug|iPhone
		{7B9DCAF3-8EF3-434C-A346-587AA5A7DF0C}.Debug|iPhone.Build.0 = Debug|iPhone
		{7B9DCAF3-8EF3-434C-A346-587AA5A7DF0C}.Debug|iPhoneSimulator.ActiveCfg = Debug|iPhoneSimulator
		{7B9DCAF3-8EF3-434C-A346-587AA5A7DF0C}.Debug|iPhoneSimulator.Build.0 = Debug|iPhoneSimulator
		{7B9DCAF3-8EF3-434C-A346-587AA5A7DF0C}.Debug|x64.ActiveCfg = Debug|iPhone
		{7B9DCAF3-8EF3-434C-A346-587AA5A7DF0C}.Debug|x86.ActiveCfg = Debug|iPhone
		{7B9DCAF3-8EF3-434C-A346-587AA5A7DF0C}.Release|Any CPU.ActiveCfg = Release|iPhone
		{7B9DCAF3-8EF3-434C-A346-587AA5A7DF0C}.Release|ARM.ActiveCfg = Release|iPhone
		{7B9DCAF3-8EF3-434C-A346-587AA5A7DF0C}.Release|iPhone.ActiveCfg = Release|iPhone
		{7B9DCAF3-8EF3-434C-A346-587AA5A7DF0C}.Release|iPhone.Build.0 = Release|iPhone
		{7B9DCAF3-8EF3-434C-A346-587AA5A7DF0C}.Release|iPhoneSimulator.ActiveCfg = Release|iPhoneSimulator
		{7B9DCAF3-8EF3-434C-A346-587AA5A7DF0C}.Release|iPhoneSimulator.Build.0 = Release|iPhoneSimulator
		{7B9DCAF3-8EF3-434C-A346-587AA5A7DF0C}.Release|x64.ActiveCfg = Release|iPhone
		{7B9DCAF3-8EF3-434C-A346-587AA5A7DF0C}.Release|x86.ActiveCfg = Release|iPhone
	EndGlobalSection
	GlobalSection(SolutionProperties) = preSolution
		HideSolutionNode = FALSE
	EndGlobalSection
EndGlobal
